// !$*UTF8*$!
{
	archiveVersion = 1;
	classes = {
	};
	objectVersion = 56;
	objects = {

/* Begin PBXBuildFile section */
		822467BE306C52FF006AED49 /* Campus_editorApp.swift in Sources */ = {isa = PBXBuildFile; fileRef = 822467BD306C52FF006AED49 /* Campus_editorApp.swift */; };
		822467C0306C52FF006AED49 /* ContentView.swift in Sources */ = {isa = PBXBuildFile; fileRef = 822467BF306C52FF006AED49 /* ContentView.swift */; };
		822467C2306C5301006AED49 /* Assets.xcassets in Resources */ = {isa = PBXBuildFile; fileRef = 822467C1306C5301006AED49 /* Assets.xcassets */; };
		822467C6306C5301006AED49 /* Preview Assets.xcassets in Resources */ = {isa = PBXBuildFile; fileRef = 822467C5306C5301006AED49 /* Preview Assets.xcassets */; };
		822467D0306C5301006AED49 /* Campus_editorTests.swift in Sources */ = {isa = PBXBuildFile; fileRef = 822467CF306C5301006AED49 /* Campus_editorTests.swift */; };
		822467DA306C5301006AED49 /* Campus_editorUITests.swift in Sources */ = {isa = PBXBuildFile; fileRef = 822467D9306C5301006AED49 /* Campus_editorUITests.swift */; };
		822467DC306C5301006AED49 /* Campus_editorUITestsLaunchTests.swift in Sources */ = {isa = PBXBuildFile; fileRef = 822467DB306C5301006AED49 /* Campus_editorUITestsLaunchTests.swift */; };
/* End PBXBuildFile section */

/* Begin PBXContainerItemProxy section */
		822467CC306C5301006AED49 /* PBXContainerItemProxy */ = {
			isa = PBXContainerItemProxy;
			containerPortal = 822467B2306C52FF006AED49 /* Project object */;
			proxyType = 1;
			remoteGlobalIDString = 822467B9306C52FF006AED49;
			remoteInfo = "Campus-editor";
		};
		822467D6306C5301006AED49 /* PBXContainerItemProxy */ = {
			isa = PBXContainerItemProxy;
			containerPortal = 822467B2306C52FF006AED49 /* Project object */;
			proxyType = 1;
			remoteGlobalIDString = 822467B9306C52FF006AED49;
			remoteInfo = "Campus-editor";
		};
/* End PBXContainerItemProxy section */

/* Begin PBXFileReference section */
		822467BA306C52FF006AED49 /* Campus-editor.app */ = {isa = PBXFileReference; explicitFileType = wrapper.application; includeInIndex = 0; path = "Campus-editor.app"; sourceTree = BUILT_PRODUCTS_DIR; };
		822467BD306C52FF006AED49 /* Campus_editorApp.swift */ = {isa = PBXFileReference; lastKnownFileType = sourcecode.swift; path = Campus_editorApp.swift; sourceTree = "<group>"; };
		822467BF306C52FF006AED49 /* ContentView.swift */ = {isa = PBXFileReference; lastKnownFileType = sourcecode.swift; path = ContentView.swift; sourceTree = "<group>"; };
		822467C1306C5301006AED49 /* Assets.xcassets */ = {isa = PBXFileReference; lastKnownFileType = folder.assetcatalog; path = Assets.xcassets; sourceTree = "<group>"; };
		822467C3306C5301006AED49 /* Campus_editor.entitlements */ = {isa = PBXFileReference; lastKnownFileType = text.plist.entitlements; path = Campus_editor.entitlements; sourceTree = "<group>"; };
		822467C5306C5301006AED49 /* Preview Assets.xcassets */ = {isa = PBXFileReference; lastKnownFileType = folder.assetcatalog; path = "Preview Assets.xcassets"; sourceTree = "<group>"; };
		822467CB306C5301006AED49 /* Campus-editorTests.xctest */ = {isa = PBXFileReference; explicitFileType = wrapper.cfbundle; includeInIndex = 0; path = "Campus-editorTests.xctest"; sourceTree = BUILT_PRODUCTS_DIR; };
		822467CF306C5301006AED49 /* Campus_editorTests.swift */ = {isa = PBXFileReference; lastKnownFileType = sourcecode.swift; path = Campus_editorTests.swift; sourceTree = "<group>"; };
		822467D5306C5301006AED49 /* Campus-editorUITests.xctest */ = {isa = PBXFileReference; explicitFileType = wrapper.cfbundle; includeInIndex = 0; path = "Campus-editorUITests.xctest"; sourceTree = BUILT_PRODUCTS_DIR; };
		822467D9306C5301006AED49 /* Campus_editorUITests.swift */ = {isa = PBXFileReference; lastKnownFileType = sourcecode.swift; path = Campus_editorUITests.swift; sourceTree = "<group>"; };
		822467DB306C5301006AED49 /* Campus_editorUITestsLaunchTests.swift */ = {isa = PBXFileReference; lastKnownFileType = sourcecode.swift; path = Campus_editorUITestsLaunchTests.swift; sourceTree = "<group>"; };
/* End PBXFileReference section */

/* Begin PBXFrameworksBuildPhase section */
		822467B7306C52FF006AED49 /* Frameworks */ = {
			isa = PBXFrameworksBuildPhase;
			buildActionMask = 2147483647;
			files = (
			);
			runOnlyForDeploymentPostprocessing = 0;
		};
		822467C8306C5301006AED49 /* Frameworks */ = {
			isa = PBXFrameworksBuildPhase;
			buildActionMask = 2147483647;
			files = (
			);
			runOnlyForDeploymentPostprocessing = 0;
		};
		822467D2306C5301006AED49 /* Frameworks */ = {
			isa = PBXFrameworksBuildPhase;
			buildActionMask = 2147483647;
			files = (
			);
			runOnlyForDeploymentPostprocessing = 0;
		};
/* End PBXFrameworksBuildPhase section */

/* Begin PBXGroup section */
		822467B1306C52FF006AED49 = {
			isa = PBXGroup;
			children = (
				822467BC306C52FF006AED49 /* Campus-editor */,
				822467CE306C5301006AED49 /* Campus-editorTests */,
				822467D8306C5301006AED49 /* Campus-editorUITests */,
				822467BB306C52FF006AED49 /* Products */,
			);
			sourceTree = "<group>";
		};
		822467BB306C52FF006AED49 /* Products */ = {
			isa = PBXGroup;
			children = (
				822467BA306C52FF006AED49 /* Campus-editor.app */,
				822467CB306C5301006AED49 /* Campus-editorTests.xctest */,
				822467D5306C5301006AED49 /* Campus-editorUITests.xctest */,
			);
			name = Products;
			sourceTree = "<group>";
		};
		822467BC306C52FF006AED49 /* Campus-editor */ = {
			isa = PBXGroup;
			children = (
				822467BD306C52FF006AED49 /* Campus_editorApp.swift */,
				822467BF306C52FF006AED49 /* ContentView.swift */,
				822467C1306C5301006AED49 /* Assets.xcassets */,
				822467C3306C5301006AED49 /* Campus_editor.entitlements */,
				822467C4306C5301006AED49 /* Preview Content */,
			);
			path = "Campus-editor";
			sourceTree = "<group>";
		};
		822467C4306C5301006AED49 /* Preview Content */ = {
			isa = PBXGroup;
			children = (
				822467C5306C5301006AED49 /* Preview Assets.xcassets */,
			);
			path = "Preview Content";
			sourceTree = "<group>";
		};
		822467CE306C5301006AED49 /* Campus-editorTests */ = {
			isa = PBXGroup;
			children = (
				822467CF306C5301006AED49 /* Campus_editorTests.swift */,
			);
			path = "Campus-editorTests";
			sourceTree = "<group>";
		};
		822467D8306C5301006AED49 /* Campus-editorUITests */ = {
			isa = PBXGroup;
			children = (
				822467D9306C5301006AED49 /* Campus_editorUITests.swift */,
				822467DB306C5301006AED49 /* Campus_editorUITestsLaunchTests.swift */,
			);
			path = "Campus-editorUITests";
			sourceTree = "<group>";
		};
/* End PBXGroup section */

/* Begin PBXNativeTarget section */
		822467B9306C52FF006AED49 /* Campus-editor */ = {
			isa = PBXNativeTarget;
			buildConfigurationList = 822467DF306C5301006AED49 /* Build configuration list for PBXNativeTarget "Campus-editor" */;
			buildPhases = (
				822467B6306C52FF006AED49 /* Sources */,
				822467B7306C52FF006AED49 /* Frameworks */,
				822467B8306C52FF006AED49 /* Resources */,
			);
			buildRules = (
			);
			dependencies = (
			);
			name = "Campus-editor";
			productName = "Campus-editor";
			productReference = 822467BA306C52FF006AED49 /* Campus-editor.app */;
			productType = "com.apple.product-type.application";
		};
		822467CA306C5301006AED49 /* Campus-editorTests */ = {
			isa = PBXNativeTarget;
			buildConfigurationList = 822467E2306C5301006AED49 /* Build configuration list for PBXNativeTarget "Campus-editorTests" */;
			buildPhases = (
				822467C7306C5301006AED49 /* Sources */,
				822467C8306C5301006AED49 /* Frameworks */,
				822467C9306C5301006AED49 /* Resources */,
			);
			buildRules = (
			);
			dependencies = (
				822467CD306C5301006AED49 /* PBXTargetDependency */,
			);
			name = "Campus-editorTests";
			productName = "Campus-editorTests";
			productReference = 822467CB306C5301006AED49 /* Campus-editorTests.xctest */;
			productType = "com.apple.product-type.bundle.unit-test";
		};
		822467D4306C5301006AED49 /* Campus-editorUITests */ = {
			isa = PBXNativeTarget;
			buildConfigurationList = 822467E5306C5301006AED49 /* Build configuration list for PBXNativeTarget "Campus-editorUITests" */;
			buildPhases = (
				822467D1306C5301006AED49 /* Sources */,
				822467D2306C5301006AED49 /* Frameworks */,
				822467D3306C5301006AED49 /* Resources */,
			);
			buildRules = (
			);
			dependencies = (
				822467D7306C5301006AED49 /* PBXTargetDependency */,
			);
			name = "Campus-editorUITests";
			productName = "Campus-editorUITests";
			productReference = 822467D5306C5301006AED49 /* Campus-editorUITests.xctest */;
			productType = "com.apple.product-type.bundle.ui-testing";
		};
/* End PBXNativeTarget section */

/* Begin PBXProject section */
		822467B2306C52FF006AED49 /* Project object */ = {
			isa = PBXProject;
			attributes = {
				BuildIndependentTargetsInParallel = 1;
				LastSwiftUpdateCheck = 1420;
				LastUpgradeCheck = 1420;
				TargetAttributes = {
					822467B9306C52FF006AED49 = {
						CreatedOnToolsVersion = 14.2;
					};
					822467CA306C5301006AED49 = {
						CreatedOnToolsVersion = 14.2;
						TestTargetID = 822467B9306C52FF006AED49;
					};
					822467D4306C5301006AED49 = {
						CreatedOnToolsVersion = 14.2;
						TestTargetID = 822467B9306C52FF006AED49;
					};
				};
			};
			buildConfigurationList = 822467B5306C52FF006AED49 /* Build configuration list for PBXProject "Campus-editor" */;
			compatibilityVersion = "Xcode 14.0";
			developmentRegion = en;
			hasScannedForEncodings = 0;
			knownRegions = (
				en,
				Base,
			);
			mainGroup = 822467B1306C52FF006AED49;
			productRefGroup = 822467BB306C52FF006AED49 /* Products */;
			projectDirPath = "";
			projectRoot = "";
			targets = (
				822467B9306C52FF006AED49 /* Campus-editor */,
				822467CA306C5301006AED49 /* Campus-editorTests */,
				822467D4306C5301006AED49 /* Campus-editorUITests */,
			);
		};
/* End PBXProject section */

/* Begin PBXResourcesBuildPhase section */
		822467B8306C52FF006AED49 /* Resources */ = {
			isa = PBXResourcesBuildPhase;
			buildActionMask = 2147483647;
			files = (
				822467C6306C5301006AED49 /* Preview Assets.xcassets in Resources */,
				822467C2306C5301006AED49 /* Assets.xcassets in Resources */,
			);
			runOnlyForDeploymentPostprocessing = 0;
		};
		822467C9306C5301006AED49 /* Resources */ = {
			isa = PBXResourcesBuildPhase;
			buildActionMask = 2147483647;
			files = (
			);
			runOnlyForDeploymentPostprocessing = 0;
		};
		822467D3306C5301006AED49 /* Resources */ = {
			isa = PBXResourcesBuildPhase;
			buildActionMask = 2147483647;
			files = (
			);
			runOnlyForDeploymentPostprocessing = 0;
		};
/* End PBXResourcesBuildPhase section */

/* Begin PBXSourcesBuildPhase section */
		822467B6306C52FF006AED49 /* Sources */ = {
			isa = PBXSourcesBuildPhase;
			buildActionMask = 2147483647;
			files = (
				822467C0306C52FF006AED49 /* ContentView.swift in Sources */,
				822467BE306C52FF006AED49 /* Campus_editorApp.swift in Sources */,
			);
			runOnlyForDeploymentPostprocessing = 0;
		};
		822467C7306C5301006AED49 /* Sources */ = {
			isa = PBXSourcesBuildPhase;
			buildActionMask = 2147483647;
			files = (
				822467D0306C5301006AED49 /* Campus_editorTests.swift in Sources */,
			);
			runOnlyForDeploymentPostprocessing = 0;
		};
		822467D1306C5301006AED49 /* Sources */ = {
			isa = PBXSourcesBuildPhase;
			buildActionMask = 2147483647;
			files = (
				822467DC306C5301006AED49 /* Campus_editorUITestsLaunchTests.swift in Sources */,
				822467DA306C5301006AED49 /* Campus_editorUITests.swift in Sources */,
			);
			runOnlyForDeploymentPostprocessing = 0;
		};
/* End PBXSourcesBuildPhase section */

/* Begin PBXTargetDependency section */
		822467CD306C5301006AED49 /* PBXTargetDependency */ = {
			isa = PBXTargetDependency;
			target = 822467B9306C52FF006AED49 /* Campus-editor */;
			targetProxy = 822467CC306C5301006AED49 /* PBXContainerItemProxy */;
		};
		822467D7306C5301006AED49 /* PBXTargetDependency */ = {
			isa = PBXTargetDependency;
			target = 822467B9306C52FF006AED49 /* Campus-editor */;
			targetProxy = 822467D6306C5301006AED49 /* PBXContainerItemProxy */;
		};
/* End PBXTargetDependency section */

/* Begin XCBuildConfiguration section */
		822467DD306C5301006AED49 /* Debug */ = {
			isa = XCBuildConfiguration;
			buildSettings = {
				ALWAYS_SEARCH_USER_PATHS = NO;
				CLANG_ANALYZER_NONNULL = YES;
				CLANG_ANALYZER_NUMBER_OBJECT_CONVERSION = YES_AGGRESSIVE;
				CLANG_CXX_LANGUAGE_STANDARD = "gnu++20";
				CLANG_ENABLE_MODULES = YES;
				CLANG_ENABLE_OBJC_ARC = YES;
				CLANG_ENABLE_OBJC_WEAK = YES;
				CLANG_WARN_BLOCK_CAPTURE_AUTORELEASING = YES;
				CLANG_WARN_BOOL_CONVERSION = YES;
				CLANG_WARN_COMMA = YES;
				CLANG_WARN_CONSTANT_CONVERSION = YES;
				CLANG_WARN_DEPRECATED_OBJC_IMPLEMENTATIONS = YES;
				CLANG_WARN_DIRECT_OBJC_ISA_USAGE = YES_ERROR;
				CLANG_WARN_DOCUMENTATION_COMMENTS = YES;
				CLANG_WARN_EMPTY_BODY = YES;
				CLANG_WARN_ENUM_CONVERSION = YES;
				CLANG_WARN_INFINITE_RECURSION = YES;
				CLANG_WARN_INT_CONVERSION = YES;
				CLANG_WARN_NON_LITERAL_NULL_CONVERSION = YES;
				CLANG_WARN_OBJC_IMPLICIT_RETAIN_SELF = YES;
				CLANG_WARN_OBJC_LITERAL_CONVERSION = YES;
				CLANG_WARN_OBJC_ROOT_CLASS = YES_ERROR;
				CLANG_WARN_QUOTED_INCLUDE_IN_FRAMEWORK_HEADER = YES;
				CLANG_WARN_RANGE_LOOP_ANALYSIS = YES;
				CLANG_WARN_STRICT_PROTOTYPES = YES;
				CLANG_WARN_SUSPICIOUS_MOVE = YES;
				CLANG_WARN_UNGUARDED_AVAILABILITY = YES_AGGRESSIVE;
				CLANG_WARN_UNREACHABLE_CODE = YES;
				CLANG_WARN__DUPLICATE_METHOD_MATCH = YES;
				COPY_PHASE_STRIP = NO;
				DEBUG_INFORMATION_FORMAT = dwarf;
				ENABLE_STRICT_OBJC_MSGSEND = YES;
				ENABLE_TESTABILITY = YES;
				GCC_C_LANGUAGE_STANDARD = gnu11;
				GCC_DYNAMIC_NO_PIC = NO;
				GCC_NO_COMMON_BLOCKS = YES;
				GCC_OPTIMIZATION_LEVEL = 0;
				GCC_PREPROCESSOR_DEFINITIONS = (
					"DEBUG=1",
					"$(inherited)",
				);
				GCC_WARN_64_TO_32_BIT_CONVERSION = YES;
				GCC_WARN_ABOUT_RETURN_TYPE = YES_ERROR;
				GCC_WARN_UNDECLARED_SELECTOR = YES;
				GCC_WARN_UNINITIALIZED_AUTOS = YES_AGGRESSIVE;
				GCC_WARN_UNUSED_FUNCTION = YES;
				GCC_WARN_UNUSED_VARIABLE = YES;
				MTL_ENABLE_DEBUG_INFO = INCLUDE_SOURCE;
				MTL_FAST_MATH = YES;
				ONLY_ACTIVE_ARCH = YES;
				SWIFT_ACTIVE_COMPILATION_CONDITIONS = DEBUG;
				SWIFT_OPTIMIZATION_LEVEL = "-Onone";
			};
			name = Debug;
		};
		822467DE306C5301006AED49 /* Release */ = {
			isa = XCBuildConfiguration;
			buildSettings = {
				ALWAYS_SEARCH_USER_PATHS = NO;
				CLANG_ANALYZER_NONNULL = YES;
				CLANG_ANALYZER_NUMBER_OBJECT_CONVERSION = YES_AGGRESSIVE;
				CLANG_CXX_LANGUAGE_STANDARD = "gnu++20";
				CLANG_ENABLE_MODULES = YES;
				CLANG_ENABLE_OBJC_ARC = YES;
				CLANG_ENABLE_OBJC_WEAK = YES;
				CLANG_WARN_BLOCK_CAPTURE_AUTORELEASING = YES;
				CLANG_WARN_BOOL_CONVERSION = YES;
				CLANG_WARN_COMMA = YES;
				CLANG_WARN_CONSTANT_CONVERSION = YES;
				CLANG_WARN_DEPRECATED_OBJC_IMPLEMENTATIONS = YES;
				CLANG_WARN_DIRECT_OBJC_ISA_USAGE = YES_ERROR;
				CLANG_WARN_DOCUMENTATION_COMMENTS = YES;
				CLANG_WARN_EMPTY_BODY = YES;
				CLANG_WARN_ENUM_CONVERSION = YES;
				CLANG_WARN_INFINITE_RECURSION = YES;
				CLANG_WARN_INT_CONVERSION = YES;
				CLANG_WARN_NON_LITERAL_NULL_CONVERSION = YES;
				CLANG_WARN_OBJC_IMPLICIT_RETAIN_SELF = YES;
				CLANG_WARN_OBJC_LITERAL_CONVERSION = YES;
				CLANG_WARN_OBJC_ROOT_CLASS = YES_ERROR;
				CLANG_WARN_QUOTED_INCLUDE_IN_FRAMEWORK_HEADER = YES;
				CLANG_WARN_RANGE_LOOP_ANALYSIS = YES;
				CLANG_WARN_STRICT_PROTOTYPES = YES;
				CLANG_WARN_SUSPICIOUS_MOVE = YES;
				CLANG_WARN_UNGUARDED_AVAILABILITY = YES_AGGRESSIVE;
				CLANG_WARN_UNREACHABLE_CODE = YES;
				CLANG_WARN__DUPLICATE_METHOD_MATCH = YES;
				COPY_PHASE_STRIP = NO;
				DEBUG_INFORMATION_FORMAT = "dwarf-with-dsym";
				ENABLE_NS_ASSERTIONS = NO;
				ENABLE_STRICT_OBJC_MSGSEND = YES;
				GCC_C_LANGUAGE_STANDARD = gnu11;
				GCC_NO_COMMON_BLOCKS = YES;
				GCC_WARN_64_TO_32_BIT_CONVERSION = YES;
				GCC_WARN_ABOUT_RETURN_TYPE = YES_ERROR;
				GCC_WARN_UNDECLARED_SELECTOR = YES;
				GCC_WARN_UNINITIALIZED_AUTOS = YES_AGGRESSIVE;
				GCC_WARN_UNUSED_FUNCTION = YES;
				GCC_WARN_UNUSED_VARIABLE = YES;
				MTL_ENABLE_DEBUG_INFO = NO;
				MTL_FAST_MATH = YES;
				SWIFT_COMPILATION_MODE = wholemodule;
				SWIFT_OPTIMIZATION_LEVEL = "-O";
			};
			name = Release;
		};
		822467E0306C5301006AED49 /* Debug */ = {
			isa = XCBuildConfiguration;
			buildSettings = {
				ASSETCATALOG_COMPILER_APPICON_NAME = AppIcon;
				ASSETCATALOG_COMPILER_GLOBAL_ACCENT_COLOR_NAME = AccentColor;
				CODE_SIGN_ENTITLEMENTS = "Campus-editor/Campus_editor.entitlements";
				CODE_SIGN_STYLE = Automatic;
				CURRENT_PROJECT_VERSION = 1;
				DEVELOPMENT_ASSET_PATHS = "\"Campus-editor/Preview Content\"";
				ENABLE_PREVIEWS = YES;
				GENERATE_INFOPLIST_FILE = YES;
				"INFOPLIST_KEY_UIApplicationSceneManifest_Generation[sdk=iphoneos*]" = YES;
				"INFOPLIST_KEY_UIApplicationSceneManifest_Generation[sdk=iphonesimulator*]" = YES;
				"INFOPLIST_KEY_UIApplicationSupportsIndirectInputEvents[sdk=iphoneos*]" = YES;
				"INFOPLIST_KEY_UIApplicationSupportsIndirectInputEvents[sdk=iphonesimulator*]" = YES;
				"INFOPLIST_KEY_UILaunchScreen_Generation[sdk=iphoneos*]" = YES;
				"INFOPLIST_KEY_UILaunchScreen_Generation[sdk=iphonesimulator*]" = YES;
				"INFOPLIST_KEY_UIStatusBarStyle[sdk=iphoneos*]" = UIStatusBarStyleDefault;
				"INFOPLIST_KEY_UIStatusBarStyle[sdk=iphonesimulator*]" = UIStatusBarStyleDefault;
				INFOPLIST_KEY_UISupportedInterfaceOrientations_iPad = "UIInterfaceOrientationPortrait UIInterfaceOrientationPortraitUpsideDown UIInterfaceOrientationLandscapeLeft UIInterfaceOrientationLandscapeRight";
				INFOPLIST_KEY_UISupportedInterfaceOrientations_iPhone = "UIInterfaceOrientationPortrait UIInterfaceOrientationLandscapeLeft UIInterfaceOrientationLandscapeRight";
				IPHONEOS_DEPLOYMENT_TARGET = 16.2;
				LD_RUNPATH_SEARCH_PATHS = "@executable_path/Frameworks";
				"LD_RUNPATH_SEARCH_PATHS[sdk=macosx*]" = "@executable_path/../Frameworks";
				MACOSX_DEPLOYMENT_TARGET = 12.6;
				MARKETING_VERSION = 1.0;
				PRODUCT_BUNDLE_IDENTIFIER = "IO-42.Campus-editor";
				PRODUCT_NAME = "$(TARGET_NAME)";
				SDKROOT = auto;
				SUPPORTED_PLATFORMS = "iphoneos iphonesimulator macosx";
				SWIFT_EMIT_LOC_STRINGS = YES;
				SWIFT_VERSION = 5.0;
				TARGETED_DEVICE_FAMILY = "1,2";
			};
			name = Debug;
		};
		822467E1306C5301006AED49 /* Release */ = {
			isa = XCBuildConfiguration;
			buildSettings = {
				ASSETCATALOG_COMPILER_APPICON_NAME = AppIcon;
				ASSETCATALOG_COMPILER_GLOBAL_ACCENT_COLOR_NAME = AccentColor;
				CODE_SIGN_ENTITLEMENTS = "Campus-editor/Campus_editor.entitlements";
				CODE_SIGN_STYLE = Automatic;
				CURRENT_PROJECT_VERSION = 1;
				DEVELOPMENT_ASSET_PATHS = "\"Campus-editor/Preview Content\"";
				ENABLE_PREVIEWS = YES;
				GENERATE_INFOPLIST_FILE = YES;
				"INFOPLIST_KEY_UIApplicationSceneManifest_Generation[sdk=iphoneos*]" = YES;
				"INFOPLIST_KEY_UIApplicationSceneManifest_Generation[sdk=iphonesimulator*]" = YES;
				"INFOPLIST_KEY_UIApplicationSupportsIndirectInputEvents[sdk=iphoneos*]" = YES;
				"INFOPLIST_KEY_UIApplicationSupportsIndirectInputEvents[sdk=iphonesimulator*]" = YES;
				"INFOPLIST_KEY_UILaunchScreen_Generation[sdk=iphoneos*]" = YES;
				"INFOPLIST_KEY_UILaunchScreen_Generation[sdk=iphonesimulator*]" = YES;
				"INFOPLIST_KEY_UIStatusBarStyle[sdk=iphoneos*]" = UIStatusBarStyleDefault;
				"INFOPLIST_KEY_UIStatusBarStyle[sdk=iphonesimulator*]" = UIStatusBarStyleDefault;
				INFOPLIST_KEY_UISupportedInterfaceOrientations_iPad = "UIInterfaceOrientationPortrait UIInterfaceOrientationPortraitUpsideDown UIInterfaceOrientationLandscapeLeft UIInterfaceOrientationLandscapeRight";
				INFOPLIST_KEY_UISupportedInterfaceOrientations_iPhone = "UIInterfaceOrientationPortrait UIInterfaceOrientationLandscapeLeft UIInterfaceOrientationLandscapeRight";
				IPHONEOS_DEPLOYMENT_TARGET = 16.2;
				LD_RUNPATH_SEARCH_PATHS = "@executable_path/Frameworks";
				"LD_RUNPATH_SEARCH_PATHS[sdk=macosx*]" = "@executable_path/../Frameworks";
				MACOSX_DEPLOYMENT_TARGET = 12.6;
				MARKETING_VERSION = 1.0;
				PRODUCT_BUNDLE_IDENTIFIER = "IO-42.Campus-editor";
				PRODUCT_NAME = "$(TARGET_NAME)";
				SDKROOT = auto;
				SUPPORTED_PLATFORMS = "iphoneos iphonesimulator macosx";
				SWIFT_EMIT_LOC_STRINGS = YES;
				SWIFT_VERSION = 5.0;
				TARGETED_DEVICE_FAMILY = "1,2";
			};
			name = Release;
		};
		822467E3306C5301006AED49 /* Debug */ = {
			isa = XCBuildConfiguration;
			buildSettings = {
				ALWAYS_EMBED_SWIFT_STANDARD_LIBRARIES = YES;
				BUNDLE_LOADER = "$(TEST_HOST)";
				CODE_SIGN_STYLE = Automatic;
				CURRENT_PROJECT_VERSION = 1;
				GENERATE_INFOPLIST_FILE = YES;
				IPHONEOS_DEPLOYMENT_TARGET = 16.2;
				MACOSX_DEPLOYMENT_TARGET = 12.6;
				MARKETING_VERSION = 1.0;
				PRODUCT_BUNDLE_IDENTIFIER = "IO-42.Campus-editorTests";
				PRODUCT_NAME = "$(TARGET_NAME)";
				SDKROOT = auto;
				SUPPORTED_PLATFORMS = "iphoneos iphonesimulator macosx";
				SWIFT_EMIT_LOC_STRINGS = NO;
				SWIFT_VERSION = 5.0;
				TARGETED_DEVICE_FAMILY = "1,2";
				TEST_HOST = "$(BUILT_PRODUCTS_DIR)/Campus-editor.app/$(BUNDLE_EXECUTABLE_FOLDER_PATH)/Campus-editor";
			};
			name = Debug;
		};
		822467E4306C5301006AED49 /* Release */ = {
			isa = XCBuildConfiguration;
			buildSettings = {
				ALWAYS_EMBED_SWIFT_STANDARD_LIBRARIES = YES;
				BUNDLE_LOADER = "$(TEST_HOST)";
				CODE_SIGN_STYLE = Automatic;
				CURRENT_PROJECT_VERSION = 1;
				GENERATE_INFOPLIST_FILE = YES;
				IPHONEOS_DEPLOYMENT_TARGET = 16.2;
				MACOSX_DEPLOYMENT_TARGET = 12.6;
				MARKETING_VERSION = 1.0;
				PRODUCT_BUNDLE_IDENTIFIER = "IO-42.Campus-editorTests";
				PRODUCT_NAME = "$(TARGET_NAME)";
				SDKROOT = auto;
				SUPPORTED_PLATFORMS = "iphoneos iphonesimulator macosx";
				SWIFT_EMIT_LOC_STRINGS = NO;
				SWIFT_VERSION = 5.0;
				TARGETED_DEVICE_FAMILY = "1,2";
				TEST_HOST = "$(BUILT_PRODUCTS_DIR)/Campus-editor.app/$(BUNDLE_EXECUTABLE_FOLDER_PATH)/Campus-editor";
			};
			name = Release;
		};
		822467E6306C5301006AED49 /* Debug */ = {
			isa = XCBuildConfiguration;
			buildSettings = {
				ALWAYS_EMBED_SWIFT_STANDARD_LIBRARIES = YES;
				CODE_SIGN_STYLE = Automatic;
				CURRENT_PROJECT_VERSION = 1;
				GENERATE_INFOPLIST_FILE = YES;
				IPHONEOS_DEPLOYMENT_TARGET = 16.2;
				MACOSX_DEPLOYMENT_TARGET = 12.6;
				MARKETING_VERSION = 1.0;
				PRODUCT_BUNDLE_IDENTIFIER = "IO-42.Campus-editorUITests";
				PRODUCT_NAME = "$(TARGET_NAME)";
				SDKROOT = auto;
				SUPPORTED_PLATFORMS = "iphoneos iphonesimulator macosx";
				SWIFT_EMIT_LOC_STRINGS = NO;
				SWIFT_VERSION = 5.0;
				TARGETED_DEVICE_FAMILY = "1,2";
				TEST_TARGET_NAME = "Campus-editor";
			};
			name = Debug;
		};
		822467E7306C5301006AED49 /* Release */ = {
			isa = XCBuildConfiguration;
			buildSettings = {
				ALWAYS_EMBED_SWIFT_STANDARD_LIBRARIES = YES;
				CODE_SIGN_STYLE = Automatic;
				CURRENT_PROJECT_VERSION = 1;
				GENERATE_INFOPLIST_FILE = YES;
				IPHONEOS_DEPLOYMENT_TARGET = 16.2;
				MACOSX_DEPLOYMENT_TARGET = 12.6;
				MARKETING_VERSION = 1.0;
				PRODUCT_BUNDLE_IDENTIFIER = "IO-42.Campus-editorUITests";
				PRODUCT_NAME = "$(TARGET_NAME)";
				SDKROOT = auto;
				SUPPORTED_PLATFORMS = "iphoneos iphonesimulator macosx";
				SWIFT_EMIT_LOC_STRINGS = NO;
				SWIFT_VERSION = 5.0;
				TARGETED_DEVICE_FAMILY = "1,2";
				TEST_TARGET_NAME = "Campus-editor";
			};
			name = Release;
		};
/* End XCBuildConfiguration section */

/* Begin XCConfigurationList section */
		822467B5306C52FF006AED49 /* Build configuration list for PBXProject "Campus-editor" */ = {
			isa = XCConfigurationList;
			buildConfigurations = (
				822467DD306C5301006AED49 /* Debug */,
				822467DE306C5301006AED49 /* Release */,
			);
			defaultConfigurationIsVisible = 0;
			defaultConfigurationName = Release;
		};
		822467DF306C5301006AED49 /* Build configuration list for PBXNativeTarget "Campus-editor" */ = {
			isa = XCConfigurationList;
			buildConfigurations = (
				822467E0306C5301006AED49 /* Debug */,
				822467E1306C5301006AED49 /* Release */,
			);
			defaultConfigurationIsVisible = 0;
			defaultConfigurationName = Release;
		};
		822467E2306C5301006AED49 /* Build configuration list for PBXNativeTarget "Campus-editorTests" */ = {
			isa = XCConfigurationList;
			buildConfigurations = (
				822467E3306C5301006AED49 /* Debug */,
				822467E4306C5301006AED49 /* Release */,
			);
			defaultConfigurationIsVisible = 0;
			defaultConfigurationName = Release;
		};
		822467E5306C5301006AED49 /* Build configuration list for PBXNativeTarget "Campus-editorUITests" */ = {
			isa = XCConfigurationList;
			buildConfigurations = (
				822467E6306C5301006AED49 /* Debug */,
				822467E7306C5301006AED49 /* Release */,
			);
			defaultConfigurationIsVisible = 0;
			defaultConfigurationName = Release;
		};
/* End XCConfigurationList section */
	};
	rootObject = 822467B2306C52FF006AED49 /* Project object */;
}
